
Microsoft Visual Studio Solution File, Format Version 12.00
# Visual Studio Version 16
VisualStudioVersion = 16.0.31410.357
MinimumVisualStudioVersion = 10.0.40219.1
Project("{9A19103F-16F7-4668-BE54-9A1E7A4F7556}") = "Practic", "Practic.csproj", "{D3BE9FEB-B158-4C51-AAFE-A0B0CB3E2684}"
EndProject
Project("{FAE04EC0-301F-11D3-BF4B-00C04F79EFBC}") = "lecture_13", "lecture_13\lecture_13\lecture_13.csproj", "{0A7AEA17-85FD-40AD-A278-3204DEAB62C8}"
EndProject
Project("{FAE04EC0-301F-11D3-BF4B-00C04F79EFBC}") = "lecture_13.Task_2", "lecture_13\lecture_13.Task_2\lecture_13.Task_2.csproj", "{55064C61-5FAA-4380-B748-40235E19B0EF}"
EndProject
Global
	GlobalSection(SolutionConfigurationPlatforms) = preSolution
		Debug|Any CPU = Debug|Any CPU
		Release|Any CPU = Release|Any CPU
	EndGlobalSection
	GlobalSection(ProjectConfigurationPlatforms) = postSolution
		{D3BE9FEB-B158-4C51-AAFE-A0B0CB3E2684}.Debug|Any CPU.ActiveCfg = Debug|Any CPU
		{D3BE9FEB-B158-4C51-AAFE-A0B0CB3E2684}.Debug|Any CPU.Build.0 = Debug|Any CPU
		{D3BE9FEB-B158-4C51-AAFE-A0B0CB3E2684}.Release|Any CPU.ActiveCfg = Release|Any CPU
		{D3BE9FEB-B158-4C51-AAFE-A0B0CB3E2684}.Release|Any CPU.Build.0 = Release|Any CPU
		{0A7AEA17-85FD-40AD-A278-3204DEAB62C8}.Debug|Any CPU.ActiveCfg = Debug|Any CPU
		{0A7AEA17-85FD-40AD-A278-3204DEAB62C8}.Debug|Any CPU.Build.0 = Debug|Any CPU
		{0A7AEA17-85FD-40AD-A278-3204DEAB62C8}.Release|Any CPU.ActiveCfg = Release|Any CPU
		{0A7AEA17-85FD-40AD-A278-3204DEAB62C8}.Release|Any CPU.Build.0 = Release|Any CPU
		{55064C61-5FAA-4380-B748-40235E19B0EF}.Debug|Any CPU.ActiveCfg = Debug|Any CPU
		{55064C61-5FAA-4380-B748-40235E19B0EF}.Debug|Any CPU.Build.0 = Debug|Any CPU
		{55064C61-5FAA-4380-B748-40235E19B0EF}.Release|Any CPU.ActiveCfg = Release|Any CPU
		{55064C61-5FAA-4380-B748-40235E19B0EF}.Release|Any CPU.Build.0 = Release|Any CPU
	EndGlobalSection
	GlobalSection(SolutionProperties) = preSolution
		HideSolutionNode = FALSE
	EndGlobalSection
	GlobalSection(ExtensibilityGlobals) = postSolution
		SolutionGuid = {F7E6271F-EE31-4002-A62D-EAB5AB30A584}
	EndGlobalSection
EndGlobal
